
Microsoft Visual Studio Solution File, Format Version 12.00
# Visual Studio 15
VisualStudioVersion = 15.0.26730.16
MinimumVisualStudioVersion = 10.0.40219.1
Project("{8BC9CEB8-8B4A-11D0-8D11-00A0C91BC942}") = "LaserScan", "LaserScan.vcxproj", "{34E365BC-9BDF-4705-8818-D5460E9994D3}"
EndProject
Global
	GlobalSection(SolutionConfigurationPlatforms) = preSolution
		Debug|x64 = Debug|x64
		Debug|x86 = Debug|x86
		Release|x64 = Release|x64
		Release|x86 = Release|x86
	EndGlobalSection
	GlobalSection(ProjectConfigurationPlatforms) = postSolution
		{34E365BC-9BDF-4705-8818-D5460E9994D3}.Debug|x64.ActiveCfg = Debug|x64
		{34E365BC-9BDF-4705-8818-D5460E9994D3}.Debug|x64.Build.0 = Debug|x64
		{34E365BC-9BDF-4705-8818-D5460E9994D3}.Debug|x86.ActiveCfg = Debug|Win32
		{34E365BC-9BDF-4705-8818-D5460E9994D3}.Debug|x86.Build.0 = Debug|Win32
		{34E365BC-9BDF-4705-8818-D5460E9994D3}.Release|x64.ActiveCfg = Release|x64
		{34E365BC-9BDF-4705-8818-D5460E9994D3}.Release|x64.Build.0 = Release|x64
		{34E365BC-9BDF-4705-8818-D5460E9994D3}.Release|x86.ActiveCfg = Release|Win32
		{34E365BC-9BDF-4705-8818-D5460E9994D3}.Release|x86.Build.0 = Release|Win32
	EndGlobalSection
	GlobalSection(SolutionProperties) = preSolution
		HideSolutionNode = FALSE
	EndGlobalSection
	GlobalSection(ExtensibilityGlobals) = postSolution
		SolutionGuid = {3123D9E2-8F02-4D12-984F-F74866E3A38A}
	EndGlobalSection
EndGlobal
